
Microsoft Visual Studio Solution File, Format Version 12.00
# Visual Studio Version 17
VisualStudioVersion = 17.4.33213.308
MinimumVisualStudioVersion = 10.0.40219.1
Project("{FAE04EC0-301F-11D3-BF4B-00C04F79EFBC}") = "AllUp-Project", "AllUp-Project\AllUp-Project.csproj", "{35F51BF6-9115-481D-AA70-916E37C937C9}"
EndProject
Global
	GlobalSection(SolutionConfigurationPlatforms) = preSolution
		Debug|Any CPU = Debug|Any CPU
		Release|Any CPU = Release|Any CPU
	EndGlobalSection
	GlobalSection(ProjectConfigurationPlatforms) = postSolution
		{35F51BF6-9115-481D-AA70-916E37C937C9}.Debug|Any CPU.ActiveCfg = Debug|Any CPU
		{35F51BF6-9115-481D-AA70-916E37C937C9}.Debug|Any CPU.Build.0 = Debug|Any CPU
		{35F51BF6-9115-481D-AA70-916E37C937C9}.Release|Any CPU.ActiveCfg = Release|Any CPU
		{35F51BF6-9115-481D-AA70-916E37C937C9}.Release|Any CPU.Build.0 = Release|Any CPU
	EndGlobalSection
	GlobalSection(SolutionProperties) = preSolution
		HideSolutionNode = FALSE
	EndGlobalSection
	GlobalSection(ExtensibilityGlobals) = postSolution
		SolutionGuid = {B672FA90-6FEE-4CF9-97CA-163271ACCB1A}
	EndGlobalSection
EndGlobal
